// !$*UTF8*$!
{
	archiveVersion = 1;
	classes = {
	};
	objectVersion = 55;
	objects = {

/* Begin PBXBuildFile section */
		793AA2FB2957440A0095DF60 /* AppDelegate.swift in Sources */ = {isa = PBXBuildFile; fileRef = 793AA2FA2957440A0095DF60 /* AppDelegate.swift */; };
		793AA2FD2957440A0095DF60 /* SceneDelegate.swift in Sources */ = {isa = PBXBuildFile; fileRef = 793AA2FC2957440A0095DF60 /* SceneDelegate.swift */; };
		793AA2FF2957440A0095DF60 /* ViewController.swift in Sources */ = {isa = PBXBuildFile; fileRef = 793AA2FE2957440A0095DF60 /* ViewController.swift */; };
		793AA3042957440E0095DF60 /* Assets.xcassets in Resources */ = {isa = PBXBuildFile; fileRef = 793AA3032957440E0095DF60 /* Assets.xcassets */; };
		793AA3072957440E0095DF60 /* LaunchScreen.storyboard in Resources */ = {isa = PBXBuildFile; fileRef = 793AA3052957440E0095DF60 /* LaunchScreen.storyboard */; };
		793AA3112957456E0095DF60 /* AppLoader.swift in Sources */ = {isa = PBXBuildFile; fileRef = 793AA3102957456E0095DF60 /* AppLoader.swift */; };
		793AA313295745750095DF60 /* AppModule.swift in Sources */ = {isa = PBXBuildFile; fileRef = 793AA312295745750095DF60 /* AppModule.swift */; };
		793AA31B295747740095DF60 /* EndpointProtocol.swift in Sources */ = {isa = PBXBuildFile; fileRef = 793AA31A295747740095DF60 /* EndpointProtocol.swift */; };
		793AA31D2957477D0095DF60 /* HTTPMethod.swift in Sources */ = {isa = PBXBuildFile; fileRef = 793AA31C2957477D0095DF60 /* HTTPMethod.swift */; };
		793AA31F295747870095DF60 /* HTTPTask.swift in Sources */ = {isa = PBXBuildFile; fileRef = 793AA31E295747870095DF60 /* HTTPTask.swift */; };
		793AA321295747900095DF60 /* NetworkRouter.swift in Sources */ = {isa = PBXBuildFile; fileRef = 793AA320295747900095DF60 /* NetworkRouter.swift */; };
		793AA323295747950095DF60 /* Router.swift in Sources */ = {isa = PBXBuildFile; fileRef = 793AA322295747950095DF60 /* Router.swift */; };
		793AA325295748660095DF60 /* JSONParameterEncoder.swift in Sources */ = {isa = PBXBuildFile; fileRef = 793AA324295748660095DF60 /* JSONParameterEncoder.swift */; };
		793AA327295748730095DF60 /* ParameterEncoding.swift in Sources */ = {isa = PBXBuildFile; fileRef = 793AA326295748730095DF60 /* ParameterEncoding.swift */; };
		793AA3292957487C0095DF60 /* URLParameterEncoder.swift in Sources */ = {isa = PBXBuildFile; fileRef = 793AA3282957487C0095DF60 /* URLParameterEncoder.swift */; };
		793AA32B295748BC0095DF60 /* NetworkLayer.swift in Sources */ = {isa = PBXBuildFile; fileRef = 793AA32A295748BC0095DF60 /* NetworkLayer.swift */; };
		793AA32D295749BF0095DF60 /* Endpoint.swift in Sources */ = {isa = PBXBuildFile; fileRef = 793AA32C295749BF0095DF60 /* Endpoint.swift */; };
		793AA32F295749C70095DF60 /* EndpointConstants.swift in Sources */ = {isa = PBXBuildFile; fileRef = 793AA32E295749C70095DF60 /* EndpointConstants.swift */; };
		793AA331295749D00095DF60 /* NetworkManager.swift in Sources */ = {isa = PBXBuildFile; fileRef = 793AA330295749D00095DF60 /* NetworkManager.swift */; };
		793AA33529574CEA0095DF60 /* NewsModule.swift in Sources */ = {isa = PBXBuildFile; fileRef = 793AA33429574CEA0095DF60 /* NewsModule.swift */; };
		793AA33729574CF30095DF60 /* NewsView.swift in Sources */ = {isa = PBXBuildFile; fileRef = 793AA33629574CF30095DF60 /* NewsView.swift */; };
		793AA33929574CFD0095DF60 /* NewsRouter.swift in Sources */ = {isa = PBXBuildFile; fileRef = 793AA33829574CFD0095DF60 /* NewsRouter.swift */; };
		793AA33B29574D0B0095DF60 /* NewsInteractor.swift in Sources */ = {isa = PBXBuildFile; fileRef = 793AA33A29574D0B0095DF60 /* NewsInteractor.swift */; };
		793AA33D29574D110095DF60 /* NewsPresenter.swift in Sources */ = {isa = PBXBuildFile; fileRef = 793AA33C29574D110095DF60 /* NewsPresenter.swift */; };
		79777BEB295B9AAF00CE07B3 /* ScienceNewsModel.swift in Sources */ = {isa = PBXBuildFile; fileRef = 79777BEA295B9AAF00CE07B3 /* ScienceNewsModel.swift */; };
		79777BEE295BA23300CE07B3 /* ScienceNewsTVC.swift in Sources */ = {isa = PBXBuildFile; fileRef = 79777BED295BA23300CE07B3 /* ScienceNewsTVC.swift */; };
		79AD921C29590243002AAF0A /* SDWebImage in Frameworks */ = {isa = PBXBuildFile; productRef = 79AD921B29590243002AAF0A /* SDWebImage */; };
/* End PBXBuildFile section */

/* Begin PBXFileReference section */
		793AA2F72957440A0095DF60 /* VIPER_Example.app */ = {isa = PBXFileReference; explicitFileType = wrapper.application; includeInIndex = 0; path = VIPER_Example.app; sourceTree = BUILT_PRODUCTS_DIR; };
		793AA2FA2957440A0095DF60 /* AppDelegate.swift */ = {isa = PBXFileReference; lastKnownFileType = sourcecode.swift; path = AppDelegate.swift; sourceTree = "<group>"; };
		793AA2FC2957440A0095DF60 /* SceneDelegate.swift */ = {isa = PBXFileReference; lastKnownFileType = sourcecode.swift; path = SceneDelegate.swift; sourceTree = "<group>"; };
		793AA2FE2957440A0095DF60 /* ViewController.swift */ = {isa = PBXFileReference; lastKnownFileType = sourcecode.swift; path = ViewController.swift; sourceTree = "<group>"; };
		793AA3032957440E0095DF60 /* Assets.xcassets */ = {isa = PBXFileReference; lastKnownFileType = folder.assetcatalog; path = Assets.xcassets; sourceTree = "<group>"; };
		793AA3062957440E0095DF60 /* Base */ = {isa = PBXFileReference; lastKnownFileType = file.storyboard; name = Base; path = Base.lproj/LaunchScreen.storyboard; sourceTree = "<group>"; };
		793AA3082957440E0095DF60 /* Info.plist */ = {isa = PBXFileReference; lastKnownFileType = text.plist.xml; path = Info.plist; sourceTree = "<group>"; };
		793AA3102957456E0095DF60 /* AppLoader.swift */ = {isa = PBXFileReference; lastKnownFileType = sourcecode.swift; path = AppLoader.swift; sourceTree = "<group>"; };
		793AA312295745750095DF60 /* AppModule.swift */ = {isa = PBXFileReference; lastKnownFileType = sourcecode.swift; path = AppModule.swift; sourceTree = "<group>"; };
		793AA31A295747740095DF60 /* EndpointProtocol.swift */ = {isa = PBXFileReference; lastKnownFileType = sourcecode.swift; path = EndpointProtocol.swift; sourceTree = "<group>"; };
		793AA31C2957477D0095DF60 /* HTTPMethod.swift */ = {isa = PBXFileReference; lastKnownFileType = sourcecode.swift; path = HTTPMethod.swift; sourceTree = "<group>"; };
		793AA31E295747870095DF60 /* HTTPTask.swift */ = {isa = PBXFileReference; lastKnownFileType = sourcecode.swift; path = HTTPTask.swift; sourceTree = "<group>"; };
		793AA320295747900095DF60 /* NetworkRouter.swift */ = {isa = PBXFileReference; lastKnownFileType = sourcecode.swift; path = NetworkRouter.swift; sourceTree = "<group>"; };
		793AA322295747950095DF60 /* Router.swift */ = {isa = PBXFileReference; lastKnownFileType = sourcecode.swift; path = Router.swift; sourceTree = "<group>"; };
		793AA324295748660095DF60 /* JSONParameterEncoder.swift */ = {isa = PBXFileReference; lastKnownFileType = sourcecode.swift; path = JSONParameterEncoder.swift; sourceTree = "<group>"; };
		793AA326295748730095DF60 /* ParameterEncoding.swift */ = {isa = PBXFileReference; lastKnownFileType = sourcecode.swift; path = ParameterEncoding.swift; sourceTree = "<group>"; };
		793AA3282957487C0095DF60 /* URLParameterEncoder.swift */ = {isa = PBXFileReference; lastKnownFileType = sourcecode.swift; path = URLParameterEncoder.swift; sourceTree = "<group>"; };
		793AA32A295748BC0095DF60 /* NetworkLayer.swift */ = {isa = PBXFileReference; lastKnownFileType = sourcecode.swift; path = NetworkLayer.swift; sourceTree = "<group>"; };
		793AA32C295749BF0095DF60 /* Endpoint.swift */ = {isa = PBXFileReference; lastKnownFileType = sourcecode.swift; path = Endpoint.swift; sourceTree = "<group>"; };
		793AA32E295749C70095DF60 /* EndpointConstants.swift */ = {isa = PBXFileReference; lastKnownFileType = sourcecode.swift; path = EndpointConstants.swift; sourceTree = "<group>"; };
		793AA330295749D00095DF60 /* NetworkManager.swift */ = {isa = PBXFileReference; lastKnownFileType = sourcecode.swift; path = NetworkManager.swift; sourceTree = "<group>"; };
		793AA33429574CEA0095DF60 /* NewsModule.swift */ = {isa = PBXFileReference; lastKnownFileType = sourcecode.swift; path = NewsModule.swift; sourceTree = "<group>"; };
		793AA33629574CF30095DF60 /* NewsView.swift */ = {isa = PBXFileReference; lastKnownFileType = sourcecode.swift; path = NewsView.swift; sourceTree = "<group>"; };
		793AA33829574CFD0095DF60 /* NewsRouter.swift */ = {isa = PBXFileReference; lastKnownFileType = sourcecode.swift; path = NewsRouter.swift; sourceTree = "<group>"; };
		793AA33A29574D0B0095DF60 /* NewsInteractor.swift */ = {isa = PBXFileReference; lastKnownFileType = sourcecode.swift; path = NewsInteractor.swift; sourceTree = "<group>"; };
		793AA33C29574D110095DF60 /* NewsPresenter.swift */ = {isa = PBXFileReference; lastKnownFileType = sourcecode.swift; path = NewsPresenter.swift; sourceTree = "<group>"; };
		79777BEA295B9AAF00CE07B3 /* ScienceNewsModel.swift */ = {isa = PBXFileReference; lastKnownFileType = sourcecode.swift; path = ScienceNewsModel.swift; sourceTree = "<group>"; };
		79777BED295BA23300CE07B3 /* ScienceNewsTVC.swift */ = {isa = PBXFileReference; lastKnownFileType = sourcecode.swift; path = ScienceNewsTVC.swift; sourceTree = "<group>"; };
/* End PBXFileReference section */

/* Begin PBXFrameworksBuildPhase section */
		793AA2F42957440A0095DF60 /* Frameworks */ = {
			isa = PBXFrameworksBuildPhase;
			buildActionMask = 2147483647;
			files = (
				79AD921C29590243002AAF0A /* SDWebImage in Frameworks */,
			);
			runOnlyForDeploymentPostprocessing = 0;
		};
/* End PBXFrameworksBuildPhase section */

/* Begin PBXGroup section */
		793AA2EE2957440A0095DF60 = {
			isa = PBXGroup;
			children = (
				793AA2F92957440A0095DF60 /* VIPER_Example */,
				793AA2F82957440A0095DF60 /* Products */,
			);
			sourceTree = "<group>";
		};
		793AA2F82957440A0095DF60 /* Products */ = {
			isa = PBXGroup;
			children = (
				793AA2F72957440A0095DF60 /* VIPER_Example.app */,
			);
			name = Products;
			sourceTree = "<group>";
		};
		793AA2F92957440A0095DF60 /* VIPER_Example */ = {
			isa = PBXGroup;
			children = (
				793AA33229574B920095DF60 /* Modules */,
				793AA30F295745310095DF60 /* ProjectFiles */,
				793AA30E2957451E0095DF60 /* Manager */,
				793AA2FE2957440A0095DF60 /* ViewController.swift */,
				793AA3032957440E0095DF60 /* Assets.xcassets */,
				793AA3052957440E0095DF60 /* LaunchScreen.storyboard */,
				793AA3082957440E0095DF60 /* Info.plist */,
			);
			path = VIPER_Example;
			sourceTree = "<group>";
		};
		793AA30E2957451E0095DF60 /* Manager */ = {
			isa = PBXGroup;
			children = (
				793AA3142957472E0095DF60 /* NetworkManager */,
			);
			path = Manager;
			sourceTree = "<group>";
		};
		793AA30F295745310095DF60 /* ProjectFiles */ = {
			isa = PBXGroup;
			children = (
				793AA2FA2957440A0095DF60 /* AppDelegate.swift */,
				793AA2FC2957440A0095DF60 /* SceneDelegate.swift */,
				793AA3102957456E0095DF60 /* AppLoader.swift */,
				793AA312295745750095DF60 /* AppModule.swift */,
			);
			path = ProjectFiles;
			sourceTree = "<group>";
		};
		793AA3142957472E0095DF60 /* NetworkManager */ = {
			isa = PBXGroup;
			children = (
				79777BE9295B9A9F00CE07B3 /* Models */,
				793AA3192957475F0095DF60 /* Worker */,
				793AA318295747570095DF60 /* Service */,
				793AA317295747520095DF60 /* Error */,
				793AA3162957474C0095DF60 /* EndPoint */,
				793AA315295747470095DF60 /* Encoder */,
			);
			path = NetworkManager;
			sourceTree = "<group>";
		};
		793AA315295747470095DF60 /* Encoder */ = {
			isa = PBXGroup;
			children = (
				793AA324295748660095DF60 /* JSONParameterEncoder.swift */,
				793AA326295748730095DF60 /* ParameterEncoding.swift */,
				793AA3282957487C0095DF60 /* URLParameterEncoder.swift */,
			);
			path = Encoder;
			sourceTree = "<group>";
		};
		793AA3162957474C0095DF60 /* EndPoint */ = {
			isa = PBXGroup;
			children = (
				793AA32C295749BF0095DF60 /* Endpoint.swift */,
				793AA32E295749C70095DF60 /* EndpointConstants.swift */,
			);
			path = EndPoint;
			sourceTree = "<group>";
		};
		793AA317295747520095DF60 /* Error */ = {
			isa = PBXGroup;
			children = (
				793AA32A295748BC0095DF60 /* NetworkLayer.swift */,
			);
			path = Error;
			sourceTree = "<group>";
		};
		793AA318295747570095DF60 /* Service */ = {
			isa = PBXGroup;
			children = (
				793AA31A295747740095DF60 /* EndpointProtocol.swift */,
				793AA31C2957477D0095DF60 /* HTTPMethod.swift */,
				793AA31E295747870095DF60 /* HTTPTask.swift */,
				793AA320295747900095DF60 /* NetworkRouter.swift */,
				793AA322295747950095DF60 /* Router.swift */,
			);
			path = Service;
			sourceTree = "<group>";
		};
		793AA3192957475F0095DF60 /* Worker */ = {
			isa = PBXGroup;
			children = (
				793AA330295749D00095DF60 /* NetworkManager.swift */,
			);
			path = Worker;
			sourceTree = "<group>";
		};
		793AA33229574B920095DF60 /* Modules */ = {
			isa = PBXGroup;
			children = (
				793AA33329574B9C0095DF60 /* NewsModule */,
			);
			path = Modules;
			sourceTree = "<group>";
		};
		793AA33329574B9C0095DF60 /* NewsModule */ = {
			isa = PBXGroup;
			children = (
				79777BEC295BA1C700CE07B3 /* Views */,
				793AA33429574CEA0095DF60 /* NewsModule.swift */,
				793AA33629574CF30095DF60 /* NewsView.swift */,
				793AA33829574CFD0095DF60 /* NewsRouter.swift */,
				793AA33A29574D0B0095DF60 /* NewsInteractor.swift */,
				793AA33C29574D110095DF60 /* NewsPresenter.swift */,
			);
			path = NewsModule;
			sourceTree = "<group>";
		};
		79777BE9295B9A9F00CE07B3 /* Models */ = {
			isa = PBXGroup;
			children = (
				79777BEA295B9AAF00CE07B3 /* ScienceNewsModel.swift */,
			);
			path = Models;
			sourceTree = "<group>";
		};
		79777BEC295BA1C700CE07B3 /* Views */ = {
			isa = PBXGroup;
			children = (
				79777BED295BA23300CE07B3 /* ScienceNewsTVC.swift */,
			);
			path = Views;
			sourceTree = "<group>";
		};
/* End PBXGroup section */

/* Begin PBXNativeTarget section */
		793AA2F62957440A0095DF60 /* VIPER_Example */ = {
			isa = PBXNativeTarget;
			buildConfigurationList = 793AA30B2957440E0095DF60 /* Build configuration list for PBXNativeTarget "VIPER_Example" */;
			buildPhases = (
				793AA2F32957440A0095DF60 /* Sources */,
				793AA2F42957440A0095DF60 /* Frameworks */,
				793AA2F52957440A0095DF60 /* Resources */,
			);
			buildRules = (
			);
			dependencies = (
			);
			name = VIPER_Example;
			packageProductDependencies = (
				79AD921B29590243002AAF0A /* SDWebImage */,
			);
			productName = VIPER_Example;
			productReference = 793AA2F72957440A0095DF60 /* VIPER_Example.app */;
			productType = "com.apple.product-type.application";
		};
/* End PBXNativeTarget section */

/* Begin PBXProject section */
		793AA2EF2957440A0095DF60 /* Project object */ = {
			isa = PBXProject;
			attributes = {
				BuildIndependentTargetsInParallel = 1;
				LastSwiftUpdateCheck = 1340;
				LastUpgradeCheck = 1340;
				TargetAttributes = {
					793AA2F62957440A0095DF60 = {
						CreatedOnToolsVersion = 13.4.1;
					};
				};
			};
			buildConfigurationList = 793AA2F22957440A0095DF60 /* Build configuration list for PBXProject "VIPER_Example" */;
			compatibilityVersion = "Xcode 13.0";
			developmentRegion = en;
			hasScannedForEncodings = 0;
			knownRegions = (
				en,
				Base,
			);
			mainGroup = 793AA2EE2957440A0095DF60;
			packageReferences = (
				79AD921A29590243002AAF0A /* XCRemoteSwiftPackageReference "SDWebImage" */,
			);
			productRefGroup = 793AA2F82957440A0095DF60 /* Products */;
			projectDirPath = "";
			projectRoot = "";
			targets = (
				793AA2F62957440A0095DF60 /* VIPER_Example */,
			);
		};
/* End PBXProject section */

/* Begin PBXResourcesBuildPhase section */
		793AA2F52957440A0095DF60 /* Resources */ = {
			isa = PBXResourcesBuildPhase;
			buildActionMask = 2147483647;
			files = (
				793AA3072957440E0095DF60 /* LaunchScreen.storyboard in Resources */,
				793AA3042957440E0095DF60 /* Assets.xcassets in Resources */,
			);
			runOnlyForDeploymentPostprocessing = 0;
		};
/* End PBXResourcesBuildPhase section */

/* Begin PBXSourcesBuildPhase section */
		793AA2F32957440A0095DF60 /* Sources */ = {
			isa = PBXSourcesBuildPhase;
			buildActionMask = 2147483647;
			files = (
				793AA32F295749C70095DF60 /* EndpointConstants.swift in Sources */,
				793AA32B295748BC0095DF60 /* NetworkLayer.swift in Sources */,
				793AA33B29574D0B0095DF60 /* NewsInteractor.swift in Sources */,
				79777BEE295BA23300CE07B3 /* ScienceNewsTVC.swift in Sources */,
				793AA31B295747740095DF60 /* EndpointProtocol.swift in Sources */,
				793AA2FF2957440A0095DF60 /* ViewController.swift in Sources */,
				793AA323295747950095DF60 /* Router.swift in Sources */,
				79777BEB295B9AAF00CE07B3 /* ScienceNewsModel.swift in Sources */,
				793AA32D295749BF0095DF60 /* Endpoint.swift in Sources */,
				793AA31D2957477D0095DF60 /* HTTPMethod.swift in Sources */,
				793AA325295748660095DF60 /* JSONParameterEncoder.swift in Sources */,
				793AA33729574CF30095DF60 /* NewsView.swift in Sources */,
				793AA313295745750095DF60 /* AppModule.swift in Sources */,
				793AA327295748730095DF60 /* ParameterEncoding.swift in Sources */,
				793AA331295749D00095DF60 /* NetworkManager.swift in Sources */,
				793AA31F295747870095DF60 /* HTTPTask.swift in Sources */,
				793AA33929574CFD0095DF60 /* NewsRouter.swift in Sources */,
				793AA33D29574D110095DF60 /* NewsPresenter.swift in Sources */,
				793AA33529574CEA0095DF60 /* NewsModule.swift in Sources */,
				793AA3292957487C0095DF60 /* URLParameterEncoder.swift in Sources */,
				793AA2FB2957440A0095DF60 /* AppDelegate.swift in Sources */,
				793AA3112957456E0095DF60 /* AppLoader.swift in Sources */,
				793AA2FD2957440A0095DF60 /* SceneDelegate.swift in Sources */,
				793AA321295747900095DF60 /* NetworkRouter.swift in Sources */,
			);
			runOnlyForDeploymentPostprocessing = 0;
		};
/* End PBXSourcesBuildPhase section */

/* Begin PBXVariantGroup section */
		793AA3052957440E0095DF60 /* LaunchScreen.storyboard */ = {
			isa = PBXVariantGroup;
			children = (
				793AA3062957440E0095DF60 /* Base */,
			);
			name = LaunchScreen.storyboard;
			sourceTree = "<group>";
		};
/* End PBXVariantGroup section */

/* Begin XCBuildConfiguration section */
		793AA3092957440E0095DF60 /* Debug */ = {
			isa = XCBuildConfiguration;
			buildSettings = {
				ALWAYS_SEARCH_USER_PATHS = NO;
				CLANG_ANALYZER_NONNULL = YES;
				CLANG_ANALYZER_NUMBER_OBJECT_CONVERSION = YES_AGGRESSIVE;
				CLANG_CXX_LANGUAGE_STANDARD = "gnu++17";
				CLANG_ENABLE_MODULES = YES;
				CLANG_ENABLE_OBJC_ARC = YES;
				CLANG_ENABLE_OBJC_WEAK = YES;
				CLANG_WARN_BLOCK_CAPTURE_AUTORELEASING = YES;
				CLANG_WARN_BOOL_CONVERSION = YES;
				CLANG_WARN_COMMA = YES;
				CLANG_WARN_CONSTANT_CONVERSION = YES;
				CLANG_WARN_DEPRECATED_OBJC_IMPLEMENTATIONS = YES;
				CLANG_WARN_DIRECT_OBJC_ISA_USAGE = YES_ERROR;
				CLANG_WARN_DOCUMENTATION_COMMENTS = YES;
				CLANG_WARN_EMPTY_BODY = YES;
				CLANG_WARN_ENUM_CONVERSION = YES;
				CLANG_WARN_INFINITE_RECURSION = YES;
				CLANG_WARN_INT_CONVERSION = YES;
				CLANG_WARN_NON_LITERAL_NULL_CONVERSION = YES;
				CLANG_WARN_OBJC_IMPLICIT_RETAIN_SELF = YES;
				CLANG_WARN_OBJC_LITERAL_CONVERSION = YES;
				CLANG_WARN_OBJC_ROOT_CLASS = YES_ERROR;
				CLANG_WARN_QUOTED_INCLUDE_IN_FRAMEWORK_HEADER = YES;
				CLANG_WARN_RANGE_LOOP_ANALYSIS = YES;
				CLANG_WARN_STRICT_PROTOTYPES = YES;
				CLANG_WARN_SUSPICIOUS_MOVE = YES;
				CLANG_WARN_UNGUARDED_AVAILABILITY = YES_AGGRESSIVE;
				CLANG_WARN_UNREACHABLE_CODE = YES;
				CLANG_WARN__DUPLICATE_METHOD_MATCH = YES;
				COPY_PHASE_STRIP = NO;
				DEBUG_INFORMATION_FORMAT = dwarf;
				ENABLE_STRICT_OBJC_MSGSEND = YES;
				ENABLE_TESTABILITY = YES;
				GCC_C_LANGUAGE_STANDARD = gnu11;
				GCC_DYNAMIC_NO_PIC = NO;
				GCC_NO_COMMON_BLOCKS = YES;
				GCC_OPTIMIZATION_LEVEL = 0;
				GCC_PREPROCESSOR_DEFINITIONS = (
					"DEBUG=1",
					"$(inherited)",
				);
				GCC_WARN_64_TO_32_BIT_CONVERSION = YES;
				GCC_WARN_ABOUT_RETURN_TYPE = YES_ERROR;
				GCC_WARN_UNDECLARED_SELECTOR = YES;
				GCC_WARN_UNINITIALIZED_AUTOS = YES_AGGRESSIVE;
				GCC_WARN_UNUSED_FUNCTION = YES;
				GCC_WARN_UNUSED_VARIABLE = YES;
				IPHONEOS_DEPLOYMENT_TARGET = 15.5;
				MTL_ENABLE_DEBUG_INFO = INCLUDE_SOURCE;
				MTL_FAST_MATH = YES;
				ONLY_ACTIVE_ARCH = YES;
				SDKROOT = iphoneos;
				SWIFT_ACTIVE_COMPILATION_CONDITIONS = DEBUG;
				SWIFT_OPTIMIZATION_LEVEL = "-Onone";
			};
			name = Debug;
		};
		793AA30A2957440E0095DF60 /* Release */ = {
			isa = XCBuildConfiguration;
			buildSettings = {
				ALWAYS_SEARCH_USER_PATHS = NO;
				CLANG_ANALYZER_NONNULL = YES;
				CLANG_ANALYZER_NUMBER_OBJECT_CONVERSION = YES_AGGRESSIVE;
				CLANG_CXX_LANGUAGE_STANDARD = "gnu++17";
				CLANG_ENABLE_MODULES = YES;
				CLANG_ENABLE_OBJC_ARC = YES;
				CLANG_ENABLE_OBJC_WEAK = YES;
				CLANG_WARN_BLOCK_CAPTURE_AUTORELEASING = YES;
				CLANG_WARN_BOOL_CONVERSION = YES;
				CLANG_WARN_COMMA = YES;
				CLANG_WARN_CONSTANT_CONVERSION = YES;
				CLANG_WARN_DEPRECATED_OBJC_IMPLEMENTATIONS = YES;
				CLANG_WARN_DIRECT_OBJC_ISA_USAGE = YES_ERROR;
				CLANG_WARN_DOCUMENTATION_COMMENTS = YES;
				CLANG_WARN_EMPTY_BODY = YES;
				CLANG_WARN_ENUM_CONVERSION = YES;
				CLANG_WARN_INFINITE_RECURSION = YES;
				CLANG_WARN_INT_CONVERSION = YES;
				CLANG_WARN_NON_LITERAL_NULL_CONVERSION = YES;
				CLANG_WARN_OBJC_IMPLICIT_RETAIN_SELF = YES;
				CLANG_WARN_OBJC_LITERAL_CONVERSION = YES;
				CLANG_WARN_OBJC_ROOT_CLASS = YES_ERROR;
				CLANG_WARN_QUOTED_INCLUDE_IN_FRAMEWORK_HEADER = YES;
				CLANG_WARN_RANGE_LOOP_ANALYSIS = YES;
				CLANG_WARN_STRICT_PROTOTYPES = YES;
				CLANG_WARN_SUSPICIOUS_MOVE = YES;
				CLANG_WARN_UNGUARDED_AVAILABILITY = YES_AGGRESSIVE;
				CLANG_WARN_UNREACHABLE_CODE = YES;
				CLANG_WARN__DUPLICATE_METHOD_MATCH = YES;
				COPY_PHASE_STRIP = NO;
				DEBUG_INFORMATION_FORMAT = "dwarf-with-dsym";
				ENABLE_NS_ASSERTIONS = NO;
				ENABLE_STRICT_OBJC_MSGSEND = YES;
				GCC_C_LANGUAGE_STANDARD = gnu11;
				GCC_NO_COMMON_BLOCKS = YES;
				GCC_WARN_64_TO_32_BIT_CONVERSION = YES;
				GCC_WARN_ABOUT_RETURN_TYPE = YES_ERROR;
				GCC_WARN_UNDECLARED_SELECTOR = YES;
				GCC_WARN_UNINITIALIZED_AUTOS = YES_AGGRESSIVE;
				GCC_WARN_UNUSED_FUNCTION = YES;
				GCC_WARN_UNUSED_VARIABLE = YES;
				IPHONEOS_DEPLOYMENT_TARGET = 15.5;
				MTL_ENABLE_DEBUG_INFO = NO;
				MTL_FAST_MATH = YES;
				SDKROOT = iphoneos;
				SWIFT_COMPILATION_MODE = wholemodule;
				SWIFT_OPTIMIZATION_LEVEL = "-O";
				VALIDATE_PRODUCT = YES;
			};
			name = Release;
		};
		793AA30C2957440E0095DF60 /* Debug */ = {
			isa = XCBuildConfiguration;
			buildSettings = {
				ASSETCATALOG_COMPILER_APPICON_NAME = AppIcon;
				ASSETCATALOG_COMPILER_GLOBAL_ACCENT_COLOR_NAME = AccentColor;
				CODE_SIGN_STYLE = Automatic;
				CURRENT_PROJECT_VERSION = 1;
				DEVELOPMENT_TEAM = 94NXG6MS9C;
				GENERATE_INFOPLIST_FILE = YES;
				INFOPLIST_FILE = VIPER_Example/Info.plist;
				INFOPLIST_KEY_UIApplicationSupportsIndirectInputEvents = YES;
				INFOPLIST_KEY_UILaunchStoryboardName = LaunchScreen;
				INFOPLIST_KEY_UISupportedInterfaceOrientations_iPad = "UIInterfaceOrientationPortrait UIInterfaceOrientationPortraitUpsideDown UIInterfaceOrientationLandscapeLeft UIInterfaceOrientationLandscapeRight";
				INFOPLIST_KEY_UISupportedInterfaceOrientations_iPhone = "UIInterfaceOrientationPortrait UIInterfaceOrientationLandscapeLeft UIInterfaceOrientationLandscapeRight";
				LD_RUNPATH_SEARCH_PATHS = (
					"$(inherited)",
					"@executable_path/Frameworks",
				);
				MARKETING_VERSION = 1.0;
				PRODUCT_BUNDLE_IDENTIFIER = "Whmara.VIPER-Example";
				PRODUCT_NAME = "$(TARGET_NAME)";
				SWIFT_EMIT_LOC_STRINGS = YES;
				SWIFT_VERSION = 5.0;
				TARGETED_DEVICE_FAMILY = "1,2";
			};
			name = Debug;
		};
		793AA30D2957440E0095DF60 /* Release */ = {
			isa = XCBuildConfiguration;
			buildSettings = {
				ASSETCATALOG_COMPILER_APPICON_NAME = AppIcon;
				ASSETCATALOG_COMPILER_GLOBAL_ACCENT_COLOR_NAME = AccentColor;
				CODE_SIGN_STYLE = Automatic;
				CURRENT_PROJECT_VERSION = 1;
				DEVELOPMENT_TEAM = 94NXG6MS9C;
				GENERATE_INFOPLIST_FILE = YES;
				INFOPLIST_FILE = VIPER_Example/Info.plist;
				INFOPLIST_KEY_UIApplicationSupportsIndirectInputEvents = YES;
				INFOPLIST_KEY_UILaunchStoryboardName = LaunchScreen;
				INFOPLIST_KEY_UISupportedInterfaceOrientations_iPad = "UIInterfaceOrientationPortrait UIInterfaceOrientationPortraitUpsideDown UIInterfaceOrientationLandscapeLeft UIInterfaceOrientationLandscapeRight";
				INFOPLIST_KEY_UISupportedInterfaceOrientations_iPhone = "UIInterfaceOrientationPortrait UIInterfaceOrientationLandscapeLeft UIInterfaceOrientationLandscapeRight";
				LD_RUNPATH_SEARCH_PATHS = (
					"$(inherited)",
					"@executable_path/Frameworks",
				);
				MARKETING_VERSION = 1.0;
				PRODUCT_BUNDLE_IDENTIFIER = "Whmara.VIPER-Example";
				PRODUCT_NAME = "$(TARGET_NAME)";
				SWIFT_EMIT_LOC_STRINGS = YES;
				SWIFT_VERSION = 5.0;
				TARGETED_DEVICE_FAMILY = "1,2";
			};
			name = Release;
		};
/* End XCBuildConfiguration section */

/* Begin XCConfigurationList section */
		793AA2F22957440A0095DF60 /* Build configuration list for PBXProject "VIPER_Example" */ = {
			isa = XCConfigurationList;
			buildConfigurations = (
				793AA3092957440E0095DF60 /* Debug */,
				793AA30A2957440E0095DF60 /* Release */,
			);
			defaultConfigurationIsVisible = 0;
			defaultConfigurationName = Release;
		};
		793AA30B2957440E0095DF60 /* Build configuration list for PBXNativeTarget "VIPER_Example" */ = {
			isa = XCConfigurationList;
			buildConfigurations = (
				793AA30C2957440E0095DF60 /* Debug */,
				793AA30D2957440E0095DF60 /* Release */,
			);
			defaultConfigurationIsVisible = 0;
			defaultConfigurationName = Release;
		};
/* End XCConfigurationList section */

/* Begin XCRemoteSwiftPackageReference section */
		79AD921A29590243002AAF0A /* XCRemoteSwiftPackageReference "SDWebImage" */ = {
			isa = XCRemoteSwiftPackageReference;
			repositoryURL = "https://github.com/SDWebImage/SDWebImage.git";
			requirement = {
				branch = master;
				kind = branch;
			};
		};
/* End XCRemoteSwiftPackageReference section */

/* Begin XCSwiftPackageProductDependency section */
		79AD921B29590243002AAF0A /* SDWebImage */ = {
			isa = XCSwiftPackageProductDependency;
			package = 79AD921A29590243002AAF0A /* XCRemoteSwiftPackageReference "SDWebImage" */;
			productName = SDWebImage;
		};
/* End XCSwiftPackageProductDependency section */
	};
	rootObject = 793AA2EF2957440A0095DF60 /* Project object */;
}
